
Microsoft Visual Studio Solution File, Format Version 12.00
# Visual Studio 15
VisualStudioVersion = 15.0.28307.329
MinimumVisualStudioVersion = 10.0.40219.1
Project("{9A19103F-16F7-4668-BE54-9A1E7A4F7556}") = "OrdersAPI", "WooCommerceAPI\OrdersAPI.csproj", "{6DF71A6D-571B-45D7-8558-7D21A628C055}"
EndProject
Project("{FAE04EC0-301F-11D3-BF4B-00C04F79EFBC}") = "OrdersAPITests", "OrdersAPITests\OrdersAPITests.csproj", "{8FD0E90D-BB43-4115-A25A-164EF457C1E0}"
EndProject
Global
	GlobalSection(SolutionConfigurationPlatforms) = preSolution
		Debug|Any CPU = Debug|Any CPU
		Release|Any CPU = Release|Any CPU
	EndGlobalSection
	GlobalSection(ProjectConfigurationPlatforms) = postSolution
		{6DF71A6D-571B-45D7-8558-7D21A628C055}.Debug|Any CPU.ActiveCfg = Debug|Any CPU
		{6DF71A6D-571B-45D7-8558-7D21A628C055}.Debug|Any CPU.Build.0 = Debug|Any CPU
		{6DF71A6D-571B-45D7-8558-7D21A628C055}.Release|Any CPU.ActiveCfg = Release|Any CPU
		{6DF71A6D-571B-45D7-8558-7D21A628C055}.Release|Any CPU.Build.0 = Release|Any CPU
		{8FD0E90D-BB43-4115-A25A-164EF457C1E0}.Debug|Any CPU.ActiveCfg = Debug|Any CPU
		{8FD0E90D-BB43-4115-A25A-164EF457C1E0}.Debug|Any CPU.Build.0 = Debug|Any CPU
		{8FD0E90D-BB43-4115-A25A-164EF457C1E0}.Release|Any CPU.ActiveCfg = Release|Any CPU
		{8FD0E90D-BB43-4115-A25A-164EF457C1E0}.Release|Any CPU.Build.0 = Release|Any CPU
	EndGlobalSection
	GlobalSection(SolutionProperties) = preSolution
		HideSolutionNode = FALSE
	EndGlobalSection
	GlobalSection(ExtensibilityGlobals) = postSolution
		SolutionGuid = {55AE6E58-E858-4D28-9A8D-D6EC1BFEC8E0}
	EndGlobalSection
EndGlobal
